<?xml version="1.0" encoding="UTF-8"?>
<CONFIG>
  <ProjectOptions>
    <Version Value="12"/>
    <PathDelim Value="\"/>
    <General>
      <SessionStorage Value="InProjectDir"/>
      <Title Value="Fluxocaixa"/>
      <Scaled Value="True"/>
      <ResourceType Value="res"/>
      <UseXPManifest Value="True"/>
      <XPManifest>
        <DpiAware Value="True"/>
      </XPManifest>
      <Icon Value="0"/>
    </General>
    <VersionInfo>
      <UseVersionInfo Value="True"/>
      <AutoIncrementBuild Value="True"/>
      <MajorVersionNr Value="10"/>
      <BuildNr Value="47"/>
      <Language Value="0416"/>
      <Attributes pvaDebug="True" pvaPreRelease="True" pvaPatched="True" pvaPrivateBuild="True" pvaSpecialBuild="True"/>
      <StringTable Comments="Controle de Fluxo de Caixa" CompanyName="Valdecy Informática Ltda" FileDescription="Fluxo" InternalName="Fluxo_caixa" LegalCopyright="Valdecy Informática Ltda" LegalTrademarks="Controle" OriginalFilename="Fluxo de Caixa" ProductName="Fluxo de Caixa" ProductVersion="10.0.0.28"/>
    </VersionInfo>
    <BuildModes>
      <Item Name="Default" Default="True"/>
    </BuildModes>
    <PublishOptions>
      <Version Value="2"/>
      <UseFileFilters Value="True"/>
    </PublishOptions>
    <RunParams>
      <FormatVersion Value="2"/>
    </RunParams>
    <RequiredPackages>
      <Item>
        <PackageName Value="lazreport"/>
      </Item>
      <Item>
        <PackageName Value="rxnew"/>
      </Item>
      <Item>
        <PackageName Value="DateTimeCtrlsDsgn"/>
      </Item>
      <Item>
        <PackageName Value="DateTimeCtrls"/>
      </Item>
      <Item>
        <PackageName Value="FCL"/>
      </Item>
      <Item>
        <PackageName Value="zcomponentdesign"/>
      </Item>
      <Item>
        <PackageName Value="zcomponent"/>
      </Item>
      <Item>
        <PackageName Value="LCL"/>
      </Item>
    </RequiredPackages>
    <Units>
      <Unit>
        <Filename Value="Fluxocaixa.lpr"/>
        <IsPartOfProject Value="True"/>
      </Unit>
      <Unit>
        <Filename Value="view\uprincipal.pas"/>
        <IsPartOfProject Value="True"/>
        <ComponentName Value="frmprincipal"/>
        <HasResources Value="True"/>
        <ResourceBaseClass Value="Form"/>
      </Unit>
      <Unit>
        <Filename Value="view\uconfigurabanco.pas"/>
        <IsPartOfProject Value="True"/>
        <ComponentName Value="frmconfigurarbanco"/>
        <HasResources Value="True"/>
        <ResourceBaseClass Value="Form"/>
      </Unit>
      <Unit>
        <Filename Value="conexao\utabela.pas"/>
        <IsPartOfProject Value="True"/>
        <ComponentName Value="TabGlobal"/>
        <HasResources Value="True"/>
        <ResourceBaseClass Value="DataModule"/>
      </Unit>
      <Unit>
        <Filename Value="view\ucad_padrao.pas"/>
        <IsPartOfProject Value="True"/>
        <ComponentName Value="frmcad_padrao"/>
        <HasResources Value="True"/>
        <ResourceBaseClass Value="Form"/>
      </Unit>
      <Unit>
        <Filename Value="view\ucad_planoconta.pas"/>
        <IsPartOfProject Value="True"/>
        <ComponentName Value="frmcad_planoconta"/>
        <HasResources Value="True"/>
        <ResourceBaseClass Value="Form"/>
      </Unit>
      <Unit>
        <Filename Value="Classe\classe_plano.pas"/>
        <IsPartOfProject Value="True"/>
      </Unit>
      <Unit>
        <Filename Value="view\ucad_contas.pas"/>
        <IsPartOfProject Value="True"/>
        <ComponentName Value="frmcad_contas"/>
        <HasResources Value="True"/>
        <ResourceBaseClass Value="Form"/>
      </Unit>
      <Unit>
        <Filename Value="Classe\classe_conta.pas"/>
        <IsPartOfProject Value="True"/>
      </Unit>
      <Unit>
        <Filename Value="Classe\classe_lancamento.pas"/>
        <IsPartOfProject Value="True"/>
      </Unit>
      <Unit>
        <Filename Value="view\ucad_lcto.pas"/>
        <IsPartOfProject Value="True"/>
        <ComponentName Value="frm_cad_lcto"/>
        <HasResources Value="True"/>
        <ResourceBaseClass Value="Form"/>
      </Unit>
      <Unit>
        <Filename Value="view\umovimento.pas"/>
        <IsPartOfProject Value="True"/>
        <ComponentName Value="frmmovimento"/>
        <HasResources Value="True"/>
        <ResourceBaseClass Value="Form"/>
      </Unit>
      <Unit>
        <Filename Value="view\upesquisa.pas"/>
        <IsPartOfProject Value="True"/>
        <ComponentName Value="frmPesquisa"/>
        <HasResources Value="True"/>
        <ResourceBaseClass Value="Form"/>
      </Unit>
      <Unit>
        <Filename Value="Script\ucadusuarios.pas"/>
        <IsPartOfProject Value="True"/>
        <ComponentName Value="frmcad_usuarios"/>
        <HasResources Value="True"/>
        <ResourceBaseClass Value="Form"/>
      </Unit>
      <Unit>
        <Filename Value="view\usobre.pas"/>
        <IsPartOfProject Value="True"/>
        <ComponentName Value="frmSobre"/>
        <HasResources Value="True"/>
        <ResourceBaseClass Value="Form"/>
      </Unit>
    </Units>
  </ProjectOptions>
  <CompilerOptions>
    <Version Value="11"/>
    <PathDelim Value="\"/>
    <Target>
      <Filename Value="Fluxocaixa"/>
    </Target>
    <SearchPaths>
      <IncludeFiles Value="$(ProjOutDir)"/>
      <OtherUnitFiles Value="view;conexao;Classe;Script"/>
      <UnitOutputDirectory Value="lib\$(TargetCPU)-$(TargetOS)"/>
    </SearchPaths>
    <Linking>
      <Debugging>
        <DebugInfoType Value="dsDwarf3"/>
      </Debugging>
      <Options>
        <Win32>
          <GraphicApplication Value="True"/>
        </Win32>
      </Options>
    </Linking>
  </CompilerOptions>
  <Debugging>
    <Exceptions>
      <Item>
        <Name Value="EAbort"/>
      </Item>
      <Item>
        <Name Value="ECodetoolError"/>
      </Item>
      <Item>
        <Name Value="EFOpenError"/>
      </Item>
    </Exceptions>
  </Debugging>
</CONFIG>
